
Microsoft Visual Studio Solution File, Format Version 12.00
# Visual Studio Version 16
VisualStudioVersion = 16.0.29827.131
MinimumVisualStudioVersion = 10.0.40219.1
Project("{888888A0-9F3D-457C-B088-3A5042F75D52}") = "quango", "quango.pyproj", "{03C2282C-93A7-4AAA-8757-8D9021E46976}"
EndProject
Global
	GlobalSection(SolutionConfigurationPlatforms) = preSolution
		Debug|Any CPU = Debug|Any CPU
		Release|Any CPU = Release|Any CPU
	EndGlobalSection
	GlobalSection(ProjectConfigurationPlatforms) = postSolution
		{03C2282C-93A7-4AAA-8757-8D9021E46976}.Debug|Any CPU.ActiveCfg = Debug|Any CPU
		{03C2282C-93A7-4AAA-8757-8D9021E46976}.Release|Any CPU.ActiveCfg = Release|Any CPU
	EndGlobalSection
	GlobalSection(SolutionProperties) = preSolution
		HideSolutionNode = FALSE
	EndGlobalSection
	GlobalSection(ExtensibilityGlobals) = postSolution
		SolutionGuid = {08922382-F94F-4F2C-B366-6872D255F09F}
	EndGlobalSection
EndGlobal
